github.com/nyaosorg/go-windows-mbcs v0.4.3 h1:4/qX+VhzvpINp4ptREYgTunMzIRBEasXsZL8uV4JhY4=
github.com/nyaosorg/go-windows-mbcs v0.4.3/go.mod h1:80D9r2RNEPG2STQVD5tsgGB/SNkT6HS0ZlKufUn/F70=
golang.org/x/sys v0.28.0 h1:Fksou7UEQUWlKvIdsqzJmUmCX3cZuD2+P3XyyzwMhlA=
golang.org/x/sys v0.28.0/go.mod h1:/VUhepiaJMQUp4+oa/7Zr1D23ma6VTLIYjOOTFZPUcA=
golang.org/x/text v0.21.0 h1:zyQAAkrwaneQ066sspRyJaG9VNi/YJ1NfzcGB3hZ/qo=
golang.org/x/text v0.21.0/go.mod h1:4IBbMaMmOPCJ8SecivzSH54+73PCFmPWxNTLm+vZkEQ=
