github.com/nyaosorg/go-windows-mbcs v0.4.2 h1:2znrE0YIgDIRlq6YB4l1n8DOlG89dV+hYsBqywL8MrM=
github.com/nyaosorg/go-windows-mbcs v0.4.2/go.mod h1:FuQCaPRzyLbBL4ZXG+gtSA/hAAgVvIWtpqR2YLWYZiA=
golang.org/x/sys v0.27.0 h1:wBqf8DvsY9Y/2P8gAfPDEYNuS30J4lPHJxXSb/nJZ+s=
golang.org/x/sys v0.27.0/go.mod h1:/VUhepiaJMQUp4+oa/7Zr1D23ma6VTLIYjOOTFZPUcA=
golang.org/x/text v0.20.0 h1:gK/Kv2otX8gz+wn7Rmb3vT96ZwuoxnQlY+HlJVj7Qug=
golang.org/x/text v0.20.0/go.mod h1:D4IsuqiFMhST5bX19pQ9ikHC2GsaKyk/oF+pn3ducp4=
